<?xml version="1.0" encoding="utf-8"?>
<Project ToolsVersion="4.0" xmlns="http://schemas.microsoft.com/developer/msbuild/2003">
  <ItemGroup>
    <Filter Include="Source Files">
      <UniqueIdentifier>{4FC737F1-C7A5-4376-A066-2A32D752A2FF}</UniqueIdentifier>
      <Extensions>cpp;c;cc;cxx;c++;cppm;ixx;def;odl;idl;hpj;bat;asm;asmx</Extensions>
    </Filter>
    <Filter Include="Header Files">
      <UniqueIdentifier>{93995380-89BD-4b04-88EB-625FBE52EBFB}</UniqueIdentifier>
      <Extensions>h;hh;hpp;hxx;h++;hm;inl;inc;ipp;xsd</Extensions>
    </Filter>
    <Filter Include="Resource Files">
      <UniqueIdentifier>{67DA6AB6-F800-4c08-8B7A-83BB121AAD01}</UniqueIdentifier>
      <Extensions>rc;ico;cur;bmp;dlg;rc2;rct;bin;rgs;gif;jpg;jpeg;jpe;resx;tiff;tif;png;wav;mfcribbon-ms</Extensions>
    </Filter>
    <Filter Include="Source Files\Classes">
      <UniqueIdentifier>{abb3064f-1c45-4cdc-afea-1825c12c4acb}</UniqueIdentifier>
    </Filter>
    <Filter Include="Source Files\Forms">
      <UniqueIdentifier>{95a77de9-acaa-453e-8d05-ec1b3a55a965}</UniqueIdentifier>
    </Filter>
    <Filter Include="Header Files\Classes">
      <UniqueIdentifier>{bf52b58f-3e53-449d-8ffd-23005d937b39}</UniqueIdentifier>
    </Filter>
  </ItemGroup>
  <ItemGroup>
    <ClCompile Include="Admin.cpp">
      <Filter>Source Files\Classes</Filter>
    </ClCompile>
    <ClCompile Include="Client.cpp">
      <Filter>Source Files\Classes</Filter>
    </ClCompile>
    <ClCompile Include="DBQuery.cpp">
      <Filter>Source Files\Classes</Filter>
    </ClCompile>
    <ClCompile Include="FormCart.cpp">
      <Filter>Source Files\Forms</Filter>
    </ClCompile>
    <ClCompile Include="FormLogIn.cpp">
      <Filter>Source Files\Forms</Filter>
    </ClCompile>
    <ClCompile Include="FormLogUp.cpp">
      <Filter>Source Files\Forms</Filter>
    </ClCompile>
    <ClCompile Include="FormProfile.cpp">
      <Filter>Source Files\Forms</Filter>
    </ClCompile>
    <ClCompile Include="FormResetAccount.cpp">
      <Filter>Source Files\Forms</Filter>
    </ClCompile>
    <ClCompile Include="FormSettings.cpp">
      <Filter>Source Files\Forms</Filter>
    </ClCompile>
    <ClCompile Include="FormShop.cpp">
      <Filter>Source Files\Forms</Filter>
    </ClCompile>
    <ClCompile Include="FormStartUp.cpp">
      <Filter>Source Files\Forms</Filter>
    </ClCompile>
    <ClCompile Include="FormClientMenu.cpp">
      <Filter>Source Files\Forms</Filter>
    </ClCompile>
    <ClCompile Include="Person.cpp">
      <Filter>Source Files\Classes</Filter>
    </ClCompile>
    <ClCompile Include="RGBColors.cpp">
      <Filter>Source Files\Classes</Filter>
    </ClCompile>
    <ClCompile Include="Mailer.cpp">
      <Filter>Source Files\Classes</Filter>
    </ClCompile>
    <ClCompile Include="FormAdminMenu.cpp">
      <Filter>Source Files\Forms</Filter>
    </ClCompile>
    <ClCompile Include="FormEditions.cpp">
      <Filter>Source Files\Forms</Filter>
    </ClCompile>
  </ItemGroup>
  <ItemGroup>
    <ClInclude Include="FormClientMenu.h">
      <Filter>Header Files</Filter>
    </ClInclude>
    <ClInclude Include="FormProfile.h">
      <Filter>Header Files</Filter>
    </ClInclude>
    <ClInclude Include="FormShop.h">
      <Filter>Header Files</Filter>
    </ClInclude>
    <ClInclude Include="FormCart.h">
      <Filter>Header Files</Filter>
    </ClInclude>
    <ClInclude Include="FormSettings.h">
      <Filter>Header Files</Filter>
    </ClInclude>
    <ClInclude Include="FormLogIn.h">
      <Filter>Header Files</Filter>
    </ClInclude>
    <ClInclude Include="FormStartUp.h">
      <Filter>Header Files</Filter>
    </ClInclude>
    <ClInclude Include="FormLogUp.h">
      <Filter>Header Files</Filter>
    </ClInclude>
    <ClInclude Include="FormResetAccount.h">
      <Filter>Header Files</Filter>
    </ClInclude>
    <ClInclude Include="Admin.h">
      <Filter>Header Files\Classes</Filter>
    </ClInclude>
    <ClInclude Include="Client.h">
      <Filter>Header Files\Classes</Filter>
    </ClInclude>
    <ClInclude Include="DBQuery.h">
      <Filter>Header Files\Classes</Filter>
    </ClInclude>
    <ClInclude Include="Person.h">
      <Filter>Header Files\Classes</Filter>
    </ClInclude>
    <ClInclude Include="Mailer.h">
      <Filter>Header Files\Classes</Filter>
    </ClInclude>
    <ClInclude Include="FormAdminMenu.h">
      <Filter>Header Files</Filter>
    </ClInclude>
    <ClInclude Include="FormEditions.h">
      <Filter>Header Files</Filter>
    </ClInclude>
    <ClInclude Include="RGBColors.h">
      <Filter>Header Files\Classes</Filter>
    </ClInclude>
  </ItemGroup>
</Project>